
Microsoft Visual Studio Solution File, Format Version 12.00
# Visual Studio Version 17
VisualStudioVersion = 17.0.31903.59
MinimumVisualStudioVersion = 10.0.40219.1
Project("{FAE04EC0-301F-11D3-BF4B-00C04F79EFBC}") = "PusselNr7", "PusselNr7\PusselNr7.csproj", "{0538FA53-E738-4C30-95AD-82BDD9571D2A}"
EndProject
Global
	GlobalSection(SolutionConfigurationPlatforms) = preSolution
		Debug|Any CPU = Debug|Any CPU
		Release|Any CPU = Release|Any CPU
	EndGlobalSection
	GlobalSection(ProjectConfigurationPlatforms) = postSolution
		{0538FA53-E738-4C30-95AD-82BDD9571D2A}.Debug|Any CPU.ActiveCfg = Debug|Any CPU
		{0538FA53-E738-4C30-95AD-82BDD9571D2A}.Debug|Any CPU.Build.0 = Debug|Any CPU
		{0538FA53-E738-4C30-95AD-82BDD9571D2A}.Release|Any CPU.ActiveCfg = Release|Any CPU
		{0538FA53-E738-4C30-95AD-82BDD9571D2A}.Release|Any CPU.Build.0 = Release|Any CPU
	EndGlobalSection
	GlobalSection(SolutionProperties) = preSolution
		HideSolutionNode = FALSE
	EndGlobalSection
	GlobalSection(ExtensibilityGlobals) = postSolution
		SolutionGuid = {FBC73F97-1057-4168-8E16-040B38B098FE}
	EndGlobalSection
EndGlobal
